// !$*UTF8*$!
{
	archiveVersion = 1;
	classes = {
	};
	objectVersion = 50;
	objects = {

/* Begin PBXBuildFile section */
		1F7A18C6994F71E4D5F389B0 /* Pods_brewdog.framework in Frameworks */ = {isa = PBXBuildFile; fileRef = 9FD813B0A86FFD9BE4F33192 /* Pods_brewdog.framework */; };
		A0A4C644209DE8BF00AC877B /* ImageViewExtension.swift in Sources */ = {isa = PBXBuildFile; fileRef = A0A4C643209DE8BF00AC877B /* ImageViewExtension.swift */; };
		A0A4C648209DEB8000AC877B /* ImageDownload.swift in Sources */ = {isa = PBXBuildFile; fileRef = A0A4C647209DEB8000AC877B /* ImageDownload.swift */; };
		A0A4C64A209DFB9600AC877B /* BeerDetailViewController.swift in Sources */ = {isa = PBXBuildFile; fileRef = A0A4C649209DFB9600AC877B /* BeerDetailViewController.swift */; };
		A0A4C64C209E025900AC877B /* BeerDetailViewModel.swift in Sources */ = {isa = PBXBuildFile; fileRef = A0A4C64B209E025900AC877B /* BeerDetailViewModel.swift */; };
		A0A4C64E209EF9A800AC877B /* MethodViewController.swift in Sources */ = {isa = PBXBuildFile; fileRef = A0A4C64D209EF9A800AC877B /* MethodViewController.swift */; };
		A0A4C651209EFA2200AC877B /* DisplayViewController.swift in Sources */ = {isa = PBXBuildFile; fileRef = A0A4C650209EFA2200AC877B /* DisplayViewController.swift */; };
		A0A4C653209F018400AC877B /* HopViewController.swift in Sources */ = {isa = PBXBuildFile; fileRef = A0A4C652209F018400AC877B /* HopViewController.swift */; };
		A0A4C655209F0D4B00AC877B /* DisplayCell.swift in Sources */ = {isa = PBXBuildFile; fileRef = A0A4C654209F0D4B00AC877B /* DisplayCell.swift */; };
		A0A4C657209F11BA00AC877B /* MaltViewController.swift in Sources */ = {isa = PBXBuildFile; fileRef = A0A4C656209F11BA00AC877B /* MaltViewController.swift */; };
		A0A4C659209F124B00AC877B /* MethodViewModel.swift in Sources */ = {isa = PBXBuildFile; fileRef = A0A4C658209F124B00AC877B /* MethodViewModel.swift */; };
		A0A4C65C209F1C8D00AC877B /* HopViewModel.swift in Sources */ = {isa = PBXBuildFile; fileRef = A0A4C65A209F1C8D00AC877B /* HopViewModel.swift */; };
		A0A4C65D209F1C8D00AC877B /* MaltViewModel.swift in Sources */ = {isa = PBXBuildFile; fileRef = A0A4C65B209F1C8D00AC877B /* MaltViewModel.swift */; };
		A0A4C65F209F687900AC877B /* DataViewModel.swift in Sources */ = {isa = PBXBuildFile; fileRef = A0A4C65E209F687900AC877B /* DataViewModel.swift */; };
		A0A4C662209FA6EA00AC877B /* HopValidator.swift in Sources */ = {isa = PBXBuildFile; fileRef = A0A4C661209FA6EA00AC877B /* HopValidator.swift */; };
		A0DC5012209DC78E00795E33 /* AppDelegate.swift in Sources */ = {isa = PBXBuildFile; fileRef = A0DC5011209DC78E00795E33 /* AppDelegate.swift */; };
		A0DC5014209DC78E00795E33 /* BrewdogListViewController.swift in Sources */ = {isa = PBXBuildFile; fileRef = A0DC5013209DC78E00795E33 /* BrewdogListViewController.swift */; };
		A0DC5017209DC78E00795E33 /* Main.storyboard in Resources */ = {isa = PBXBuildFile; fileRef = A0DC5015209DC78E00795E33 /* Main.storyboard */; };
		A0DC5019209DC78F00795E33 /* Assets.xcassets in Resources */ = {isa = PBXBuildFile; fileRef = A0DC5018209DC78F00795E33 /* Assets.xcassets */; };
		A0DC501C209DC78F00795E33 /* LaunchScreen.storyboard in Resources */ = {isa = PBXBuildFile; fileRef = A0DC501A209DC78F00795E33 /* LaunchScreen.storyboard */; };
		A0DC5027209DC79000795E33 /* brewdogTests.swift in Sources */ = {isa = PBXBuildFile; fileRef = A0DC5026209DC79000795E33 /* brewdogTests.swift */; };
		A0DC5032209DC79000795E33 /* brewdogUITests.swift in Sources */ = {isa = PBXBuildFile; fileRef = A0DC5031209DC79000795E33 /* brewdogUITests.swift */; };
		A0DC504B209DD29C00795E33 /* BeerCell.swift in Sources */ = {isa = PBXBuildFile; fileRef = A0DC504A209DD29C00795E33 /* BeerCell.swift */; };
		A0DC5052209DD50F00795E33 /* Network.swift in Sources */ = {isa = PBXBuildFile; fileRef = A0DC5050209DD50F00795E33 /* Network.swift */; };
		A0DC5053209DD50F00795E33 /* API.swift in Sources */ = {isa = PBXBuildFile; fileRef = A0DC5051209DD50F00795E33 /* API.swift */; };
		A0DC5055209DD5BE00795E33 /* BrewdogListViewModel.swift in Sources */ = {isa = PBXBuildFile; fileRef = A0DC5054209DD5BE00795E33 /* BrewdogListViewModel.swift */; };
		A0DC5061209DD66F00795E33 /* Hop.swift in Sources */ = {isa = PBXBuildFile; fileRef = A0DC5056209DD66F00795E33 /* Hop.swift */; };
		A0DC5062209DD66F00795E33 /* Temp.swift in Sources */ = {isa = PBXBuildFile; fileRef = A0DC5057209DD66F00795E33 /* Temp.swift */; };
		A0DC5063209DD66F00795E33 /* Amount.swift in Sources */ = {isa = PBXBuildFile; fileRef = A0DC5058209DD66F00795E33 /* Amount.swift */; };
		A0DC5064209DD66F00795E33 /* Method.swift in Sources */ = {isa = PBXBuildFile; fileRef = A0DC5059209DD66F00795E33 /* Method.swift */; };
		A0DC5065209DD66F00795E33 /* Ingredients.swift in Sources */ = {isa = PBXBuildFile; fileRef = A0DC505A209DD66F00795E33 /* Ingredients.swift */; };
		A0DC5066209DD66F00795E33 /* Malt.swift in Sources */ = {isa = PBXBuildFile; fileRef = A0DC505B209DD66F00795E33 /* Malt.swift */; };
		A0DC5067209DD66F00795E33 /* Fermentation.swift in Sources */ = {isa = PBXBuildFile; fileRef = A0DC505C209DD66F00795E33 /* Fermentation.swift */; };
		A0DC5068209DD66F00795E33 /* Boil.swift in Sources */ = {isa = PBXBuildFile; fileRef = A0DC505D209DD66F00795E33 /* Boil.swift */; };
		A0DC5069209DD66F00795E33 /* Beer.swift in Sources */ = {isa = PBXBuildFile; fileRef = A0DC505E209DD66F00795E33 /* Beer.swift */; };
		A0DC506A209DD66F00795E33 /* Mash.swift in Sources */ = {isa = PBXBuildFile; fileRef = A0DC505F209DD66F00795E33 /* Mash.swift */; };
		A0DC506B209DD66F00795E33 /* Volume.swift in Sources */ = {isa = PBXBuildFile; fileRef = A0DC5060209DD66F00795E33 /* Volume.swift */; };
		A4AAF3F0EDA42D0D80BBE979 /* Pods_brewdogTests.framework in Frameworks */ = {isa = PBXBuildFile; fileRef = C15BAB1661CF5CFA7476F5F3 /* Pods_brewdogTests.framework */; };
		E4D6027107EDED5A23768DF5 /* Pods_brewdogUITests.framework in Frameworks */ = {isa = PBXBuildFile; fileRef = 86BE6053E2B4196C7E6F8B47 /* Pods_brewdogUITests.framework */; };
/* End PBXBuildFile section */

/* Begin PBXContainerItemProxy section */
		A0DC5023209DC79000795E33 /* PBXContainerItemProxy */ = {
			isa = PBXContainerItemProxy;
			containerPortal = A0DC5006209DC78E00795E33 /* Project object */;
			proxyType = 1;
			remoteGlobalIDString = A0DC500D209DC78E00795E33;
			remoteInfo = brewdog;
		};
		A0DC502E209DC79000795E33 /* PBXContainerItemProxy */ = {
			isa = PBXContainerItemProxy;
			containerPortal = A0DC5006209DC78E00795E33 /* Project object */;
			proxyType = 1;
			remoteGlobalIDString = A0DC500D209DC78E00795E33;
			remoteInfo = brewdog;
		};
/* End PBXContainerItemProxy section */

/* Begin PBXFileReference section */
		229C8E83B73ABA3DA1ADF429 /* Pods-brewdogTests.debug.xcconfig */ = {isa = PBXFileReference; includeInIndex = 1; lastKnownFileType = text.xcconfig; name = "Pods-brewdogTests.debug.xcconfig"; path = "Pods/Target Support Files/Pods-brewdogTests/Pods-brewdogTests.debug.xcconfig"; sourceTree = "<group>"; };
		42853B62501A85F2BE8953B3 /* Pods-brewdog.release.xcconfig */ = {isa = PBXFileReference; includeInIndex = 1; lastKnownFileType = text.xcconfig; name = "Pods-brewdog.release.xcconfig"; path = "Pods/Target Support Files/Pods-brewdog/Pods-brewdog.release.xcconfig"; sourceTree = "<group>"; };
		49987400E632D3C03A516C46 /* Pods-brewdogUITests.release.xcconfig */ = {isa = PBXFileReference; includeInIndex = 1; lastKnownFileType = text.xcconfig; name = "Pods-brewdogUITests.release.xcconfig"; path = "Pods/Target Support Files/Pods-brewdogUITests/Pods-brewdogUITests.release.xcconfig"; sourceTree = "<group>"; };
		86BE6053E2B4196C7E6F8B47 /* Pods_brewdogUITests.framework */ = {isa = PBXFileReference; explicitFileType = wrapper.framework; includeInIndex = 0; path = Pods_brewdogUITests.framework; sourceTree = BUILT_PRODUCTS_DIR; };
		8BE149CE393D6562BB2D3708 /* Pods-brewdog.debug.xcconfig */ = {isa = PBXFileReference; includeInIndex = 1; lastKnownFileType = text.xcconfig; name = "Pods-brewdog.debug.xcconfig"; path = "Pods/Target Support Files/Pods-brewdog/Pods-brewdog.debug.xcconfig"; sourceTree = "<group>"; };
		9FD813B0A86FFD9BE4F33192 /* Pods_brewdog.framework */ = {isa = PBXFileReference; explicitFileType = wrapper.framework; includeInIndex = 0; path = Pods_brewdog.framework; sourceTree = BUILT_PRODUCTS_DIR; };
		A0A4C643209DE8BF00AC877B /* ImageViewExtension.swift */ = {isa = PBXFileReference; lastKnownFileType = sourcecode.swift; path = ImageViewExtension.swift; sourceTree = "<group>"; };
		A0A4C647209DEB8000AC877B /* ImageDownload.swift */ = {isa = PBXFileReference; fileEncoding = 4; lastKnownFileType = sourcecode.swift; path = ImageDownload.swift; sourceTree = "<group>"; };
		A0A4C649209DFB9600AC877B /* BeerDetailViewController.swift */ = {isa = PBXFileReference; lastKnownFileType = sourcecode.swift; path = BeerDetailViewController.swift; sourceTree = "<group>"; };
		A0A4C64B209E025900AC877B /* BeerDetailViewModel.swift */ = {isa = PBXFileReference; lastKnownFileType = sourcecode.swift; path = BeerDetailViewModel.swift; sourceTree = "<group>"; };
		A0A4C64D209EF9A800AC877B /* MethodViewController.swift */ = {isa = PBXFileReference; lastKnownFileType = sourcecode.swift; path = MethodViewController.swift; sourceTree = "<group>"; };
		A0A4C650209EFA2200AC877B /* DisplayViewController.swift */ = {isa = PBXFileReference; lastKnownFileType = sourcecode.swift; path = DisplayViewController.swift; sourceTree = "<group>"; };
		A0A4C652209F018400AC877B /* HopViewController.swift */ = {isa = PBXFileReference; lastKnownFileType = sourcecode.swift; path = HopViewController.swift; sourceTree = "<group>"; };
		A0A4C654209F0D4B00AC877B /* DisplayCell.swift */ = {isa = PBXFileReference; lastKnownFileType = sourcecode.swift; path = DisplayCell.swift; sourceTree = "<group>"; };
		A0A4C656209F11BA00AC877B /* MaltViewController.swift */ = {isa = PBXFileReference; lastKnownFileType = sourcecode.swift; path = MaltViewController.swift; sourceTree = "<group>"; };
		A0A4C658209F124B00AC877B /* MethodViewModel.swift */ = {isa = PBXFileReference; lastKnownFileType = sourcecode.swift; path = MethodViewModel.swift; sourceTree = "<group>"; };
		A0A4C65A209F1C8D00AC877B /* HopViewModel.swift */ = {isa = PBXFileReference; fileEncoding = 4; lastKnownFileType = sourcecode.swift; path = HopViewModel.swift; sourceTree = "<group>"; };
		A0A4C65B209F1C8D00AC877B /* MaltViewModel.swift */ = {isa = PBXFileReference; fileEncoding = 4; lastKnownFileType = sourcecode.swift; path = MaltViewModel.swift; sourceTree = "<group>"; };
		A0A4C65E209F687900AC877B /* DataViewModel.swift */ = {isa = PBXFileReference; lastKnownFileType = sourcecode.swift; path = DataViewModel.swift; sourceTree = "<group>"; };
		A0A4C661209FA6EA00AC877B /* HopValidator.swift */ = {isa = PBXFileReference; lastKnownFileType = sourcecode.swift; path = HopValidator.swift; sourceTree = "<group>"; };
		A0DC500E209DC78E00795E33 /* brewdog.app */ = {isa = PBXFileReference; explicitFileType = wrapper.application; includeInIndex = 0; path = brewdog.app; sourceTree = BUILT_PRODUCTS_DIR; };
		A0DC5011209DC78E00795E33 /* AppDelegate.swift */ = {isa = PBXFileReference; lastKnownFileType = sourcecode.swift; path = AppDelegate.swift; sourceTree = "<group>"; };
		A0DC5013209DC78E00795E33 /* BrewdogListViewController.swift */ = {isa = PBXFileReference; lastKnownFileType = sourcecode.swift; path = BrewdogListViewController.swift; sourceTree = "<group>"; };
		A0DC5016209DC78E00795E33 /* Base */ = {isa = PBXFileReference; lastKnownFileType = file.storyboard; name = Base; path = Base.lproj/Main.storyboard; sourceTree = "<group>"; };
		A0DC5018209DC78F00795E33 /* Assets.xcassets */ = {isa = PBXFileReference; lastKnownFileType = folder.assetcatalog; path = Assets.xcassets; sourceTree = "<group>"; };
		A0DC501B209DC78F00795E33 /* Base */ = {isa = PBXFileReference; lastKnownFileType = file.storyboard; name = Base; path = Base.lproj/LaunchScreen.storyboard; sourceTree = "<group>"; };
		A0DC501D209DC79000795E33 /* Info.plist */ = {isa = PBXFileReference; lastKnownFileType = text.plist.xml; path = Info.plist; sourceTree = "<group>"; };
		A0DC5022209DC79000795E33 /* brewdogTests.xctest */ = {isa = PBXFileReference; explicitFileType = wrapper.cfbundle; includeInIndex = 0; path = brewdogTests.xctest; sourceTree = BUILT_PRODUCTS_DIR; };
		A0DC5026209DC79000795E33 /* brewdogTests.swift */ = {isa = PBXFileReference; lastKnownFileType = sourcecode.swift; path = brewdogTests.swift; sourceTree = "<group>"; };
		A0DC5028209DC79000795E33 /* Info.plist */ = {isa = PBXFileReference; lastKnownFileType = text.plist.xml; path = Info.plist; sourceTree = "<group>"; };
		A0DC502D209DC79000795E33 /* brewdogUITests.xctest */ = {isa = PBXFileReference; explicitFileType = wrapper.cfbundle; includeInIndex = 0; path = brewdogUITests.xctest; sourceTree = BUILT_PRODUCTS_DIR; };
		A0DC5031209DC79000795E33 /* brewdogUITests.swift */ = {isa = PBXFileReference; lastKnownFileType = sourcecode.swift; path = brewdogUITests.swift; sourceTree = "<group>"; };
		A0DC5033209DC79000795E33 /* Info.plist */ = {isa = PBXFileReference; lastKnownFileType = text.plist.xml; path = Info.plist; sourceTree = "<group>"; };
		A0DC504A209DD29C00795E33 /* BeerCell.swift */ = {isa = PBXFileReference; lastKnownFileType = sourcecode.swift; path = BeerCell.swift; sourceTree = "<group>"; };
		A0DC5050209DD50F00795E33 /* Network.swift */ = {isa = PBXFileReference; fileEncoding = 4; lastKnownFileType = sourcecode.swift; path = Network.swift; sourceTree = "<group>"; };
		A0DC5051209DD50F00795E33 /* API.swift */ = {isa = PBXFileReference; fileEncoding = 4; lastKnownFileType = sourcecode.swift; path = API.swift; sourceTree = "<group>"; };
		A0DC5054209DD5BE00795E33 /* BrewdogListViewModel.swift */ = {isa = PBXFileReference; lastKnownFileType = sourcecode.swift; path = BrewdogListViewModel.swift; sourceTree = "<group>"; };
		A0DC5056209DD66F00795E33 /* Hop.swift */ = {isa = PBXFileReference; fileEncoding = 4; lastKnownFileType = sourcecode.swift; path = Hop.swift; sourceTree = "<group>"; };
		A0DC5057209DD66F00795E33 /* Temp.swift */ = {isa = PBXFileReference; fileEncoding = 4; lastKnownFileType = sourcecode.swift; path = Temp.swift; sourceTree = "<group>"; };
		A0DC5058209DD66F00795E33 /* Amount.swift */ = {isa = PBXFileReference; fileEncoding = 4; lastKnownFileType = sourcecode.swift; path = Amount.swift; sourceTree = "<group>"; };
		A0DC5059209DD66F00795E33 /* Method.swift */ = {isa = PBXFileReference; fileEncoding = 4; lastKnownFileType = sourcecode.swift; path = Method.swift; sourceTree = "<group>"; };
		A0DC505A209DD66F00795E33 /* Ingredients.swift */ = {isa = PBXFileReference; fileEncoding = 4; lastKnownFileType = sourcecode.swift; path = Ingredients.swift; sourceTree = "<group>"; };
		A0DC505B209DD66F00795E33 /* Malt.swift */ = {isa = PBXFileReference; fileEncoding = 4; lastKnownFileType = sourcecode.swift; path = Malt.swift; sourceTree = "<group>"; };
		A0DC505C209DD66F00795E33 /* Fermentation.swift */ = {isa = PBXFileReference; fileEncoding = 4; lastKnownFileType = sourcecode.swift; path = Fermentation.swift; sourceTree = "<group>"; };
		A0DC505D209DD66F00795E33 /* Boil.swift */ = {isa = PBXFileReference; fileEncoding = 4; lastKnownFileType = sourcecode.swift; path = Boil.swift; sourceTree = "<group>"; };
		A0DC505E209DD66F00795E33 /* Beer.swift */ = {isa = PBXFileReference; fileEncoding = 4; lastKnownFileType = sourcecode.swift; path = Beer.swift; sourceTree = "<group>"; };
		A0DC505F209DD66F00795E33 /* Mash.swift */ = {isa = PBXFileReference; fileEncoding = 4; lastKnownFileType = sourcecode.swift; path = Mash.swift; sourceTree = "<group>"; };
		A0DC5060209DD66F00795E33 /* Volume.swift */ = {isa = PBXFileReference; fileEncoding = 4; lastKnownFileType = sourcecode.swift; path = Volume.swift; sourceTree = "<group>"; };
		C15BAB1661CF5CFA7476F5F3 /* Pods_brewdogTests.framework */ = {isa = PBXFileReference; explicitFileType = wrapper.framework; includeInIndex = 0; path = Pods_brewdogTests.framework; sourceTree = BUILT_PRODUCTS_DIR; };
		CB9CD0AE1CA72B0ACE5CB5F1 /* Pods-brewdogTests.release.xcconfig */ = {isa = PBXFileReference; includeInIndex = 1; lastKnownFileType = text.xcconfig; name = "Pods-brewdogTests.release.xcconfig"; path = "Pods/Target Support Files/Pods-brewdogTests/Pods-brewdogTests.release.xcconfig"; sourceTree = "<group>"; };
		DF304DEE47C4A992303DC86F /* Pods-brewdogUITests.debug.xcconfig */ = {isa = PBXFileReference; includeInIndex = 1; lastKnownFileType = text.xcconfig; name = "Pods-brewdogUITests.debug.xcconfig"; path = "Pods/Target Support Files/Pods-brewdogUITests/Pods-brewdogUITests.debug.xcconfig"; sourceTree = "<group>"; };
/* End PBXFileReference section */

/* Begin PBXFrameworksBuildPhase section */
		A0DC500B209DC78E00795E33 /* Frameworks */ = {
			isa = PBXFrameworksBuildPhase;
			buildActionMask = 2147483647;
			files = (
				1F7A18C6994F71E4D5F389B0 /* Pods_brewdog.framework in Frameworks */,
			);
			runOnlyForDeploymentPostprocessing = 0;
		};
		A0DC501F209DC79000795E33 /* Frameworks */ = {
			isa = PBXFrameworksBuildPhase;
			buildActionMask = 2147483647;
			files = (
				A4AAF3F0EDA42D0D80BBE979 /* Pods_brewdogTests.framework in Frameworks */,
			);
			runOnlyForDeploymentPostprocessing = 0;
		};
		A0DC502A209DC79000795E33 /* Frameworks */ = {
			isa = PBXFrameworksBuildPhase;
			buildActionMask = 2147483647;
			files = (
				E4D6027107EDED5A23768DF5 /* Pods_brewdogUITests.framework in Frameworks */,
			);
			runOnlyForDeploymentPostprocessing = 0;
		};
/* End PBXFrameworksBuildPhase section */

/* Begin PBXGroup section */
		7CE2C397DB853D9BE3ED2875 /* Pods */ = {
			isa = PBXGroup;
			children = (
				8BE149CE393D6562BB2D3708 /* Pods-brewdog.debug.xcconfig */,
				42853B62501A85F2BE8953B3 /* Pods-brewdog.release.xcconfig */,
				229C8E83B73ABA3DA1ADF429 /* Pods-brewdogTests.debug.xcconfig */,
				CB9CD0AE1CA72B0ACE5CB5F1 /* Pods-brewdogTests.release.xcconfig */,
				DF304DEE47C4A992303DC86F /* Pods-brewdogUITests.debug.xcconfig */,
				49987400E632D3C03A516C46 /* Pods-brewdogUITests.release.xcconfig */,
			);
			name = Pods;
			sourceTree = "<group>";
		};
		A0A4C64F209EFA0500AC877B /* Displays */ = {
			isa = PBXGroup;
			children = (
				A0A4C650209EFA2200AC877B /* DisplayViewController.swift */,
				A0A4C64D209EF9A800AC877B /* MethodViewController.swift */,
				A0A4C652209F018400AC877B /* HopViewController.swift */,
				A0A4C656209F11BA00AC877B /* MaltViewController.swift */,
			);
			path = Displays;
			sourceTree = "<group>";
		};
		A0A4C660209F71A100AC877B /* Displays */ = {
			isa = PBXGroup;
			children = (
				A0A4C65E209F687900AC877B /* DataViewModel.swift */,
				A0A4C658209F124B00AC877B /* MethodViewModel.swift */,
				A0A4C65A209F1C8D00AC877B /* HopViewModel.swift */,
				A0A4C65B209F1C8D00AC877B /* MaltViewModel.swift */,
			);
			path = Displays;
			sourceTree = "<group>";
		};
		A0DC5005209DC78E00795E33 = {
			isa = PBXGroup;
			children = (
				A0DC5010209DC78E00795E33 /* brewdog */,
				A0DC5025209DC79000795E33 /* brewdogTests */,
				A0DC5030209DC79000795E33 /* brewdogUITests */,
				A0DC500F209DC78E00795E33 /* Products */,
				7CE2C397DB853D9BE3ED2875 /* Pods */,
				F02A9053DEE7A4D79B56D105 /* Frameworks */,
			);
			sourceTree = "<group>";
		};
		A0DC500F209DC78E00795E33 /* Products */ = {
			isa = PBXGroup;
			children = (
				A0DC500E209DC78E00795E33 /* brewdog.app */,
				A0DC5022209DC79000795E33 /* brewdogTests.xctest */,
				A0DC502D209DC79000795E33 /* brewdogUITests.xctest */,
			);
			name = Products;
			sourceTree = "<group>";
		};
		A0DC5010209DC78E00795E33 /* brewdog */ = {
			isa = PBXGroup;
			children = (
				A0DC5044209DC92800795E33 /* AppDelegate */,
				A0DC5046209DC92800795E33 /* Storyboards */,
				A0DC5045209DC92800795E33 /* Extensions */,
				A0DC5049209DC92800795E33 /* Helpers */,
				A0DC5043209DC92800795E33 /* Protocols */,
				A0DC5042209DC92800795E33 /* Networking */,
				A0DC5047209DC92800795E33 /* Models */,
				A0DC5041209DC92700795E33 /* Views */,
				A0DC5048209DC92800795E33 /* ViewControllers */,
				A0DC5040209DC92700795E33 /* ViewModels */,
				A0DC503F209DC92700795E33 /* Resources */,
			);
			path = brewdog;
			sourceTree = "<group>";
		};
		A0DC5025209DC79000795E33 /* brewdogTests */ = {
			isa = PBXGroup;
			children = (
				A0DC5026209DC79000795E33 /* brewdogTests.swift */,
				A0DC5028209DC79000795E33 /* Info.plist */,
			);
			path = brewdogTests;
			sourceTree = "<group>";
		};
		A0DC5030209DC79000795E33 /* brewdogUITests */ = {
			isa = PBXGroup;
			children = (
				A0DC5031209DC79000795E33 /* brewdogUITests.swift */,
				A0DC5033209DC79000795E33 /* Info.plist */,
			);
			path = brewdogUITests;
			sourceTree = "<group>";
		};
		A0DC503F209DC92700795E33 /* Resources */ = {
			isa = PBXGroup;
			children = (
				A0DC501D209DC79000795E33 /* Info.plist */,
				A0DC5018209DC78F00795E33 /* Assets.xcassets */,
			);
			path = Resources;
			sourceTree = "<group>";
		};
		A0DC5040209DC92700795E33 /* ViewModels */ = {
			isa = PBXGroup;
			children = (
				A0DC5054209DD5BE00795E33 /* BrewdogListViewModel.swift */,
				A0A4C64B209E025900AC877B /* BeerDetailViewModel.swift */,
				A0A4C660209F71A100AC877B /* Displays */,
			);
			path = ViewModels;
			sourceTree = "<group>";
		};
		A0DC5041209DC92700795E33 /* Views */ = {
			isa = PBXGroup;
			children = (
				A0DC504A209DD29C00795E33 /* BeerCell.swift */,
				A0A4C654209F0D4B00AC877B /* DisplayCell.swift */,
			);
			path = Views;
			sourceTree = "<group>";
		};
		A0DC5042209DC92800795E33 /* Networking */ = {
			isa = PBXGroup;
			children = (
				A0DC5051209DD50F00795E33 /* API.swift */,
				A0DC5050209DD50F00795E33 /* Network.swift */,
			);
			path = Networking;
			sourceTree = "<group>";
		};
		A0DC5043209DC92800795E33 /* Protocols */ = {
			isa = PBXGroup;
			children = (
			);
			path = Protocols;
			sourceTree = "<group>";
		};
		A0DC5044209DC92800795E33 /* AppDelegate */ = {
			isa = PBXGroup;
			children = (
				A0DC5011209DC78E00795E33 /* AppDelegate.swift */,
			);
			path = AppDelegate;
			sourceTree = "<group>";
		};
		A0DC5045209DC92800795E33 /* Extensions */ = {
			isa = PBXGroup;
			children = (
				A0A4C643209DE8BF00AC877B /* ImageViewExtension.swift */,
			);
			path = Extensions;
			sourceTree = "<group>";
		};
		A0DC5046209DC92800795E33 /* Storyboards */ = {
			isa = PBXGroup;
			children = (
				A0DC501A209DC78F00795E33 /* LaunchScreen.storyboard */,
				A0DC5015209DC78E00795E33 /* Main.storyboard */,
			);
			path = Storyboards;
			sourceTree = "<group>";
		};
		A0DC5047209DC92800795E33 /* Models */ = {
			isa = PBXGroup;
			children = (
				A0DC5058209DD66F00795E33 /* Amount.swift */,
				A0DC505D209DD66F00795E33 /* Boil.swift */,
				A0DC505C209DD66F00795E33 /* Fermentation.swift */,
				A0DC5056209DD66F00795E33 /* Hop.swift */,
				A0DC505A209DD66F00795E33 /* Ingredients.swift */,
				A0DC505E209DD66F00795E33 /* Beer.swift */,
				A0DC505B209DD66F00795E33 /* Malt.swift */,
				A0DC505F209DD66F00795E33 /* Mash.swift */,
				A0DC5059209DD66F00795E33 /* Method.swift */,
				A0DC5057209DD66F00795E33 /* Temp.swift */,
				A0DC5060209DD66F00795E33 /* Volume.swift */,
			);
			path = Models;
			sourceTree = "<group>";
		};
		A0DC5048209DC92800795E33 /* ViewControllers */ = {
			isa = PBXGroup;
			children = (
				A0DC5013209DC78E00795E33 /* BrewdogListViewController.swift */,
				A0A4C649209DFB9600AC877B /* BeerDetailViewController.swift */,
				A0A4C64F209EFA0500AC877B /* Displays */,
			);
			path = ViewControllers;
			sourceTree = "<group>";
		};
		A0DC5049209DC92800795E33 /* Helpers */ = {
			isa = PBXGroup;
			children = (
				A0A4C647209DEB8000AC877B /* ImageDownload.swift */,
				A0A4C661209FA6EA00AC877B /* HopValidator.swift */,
			);
			path = Helpers;
			sourceTree = "<group>";
		};
		F02A9053DEE7A4D79B56D105 /* Frameworks */ = {
			isa = PBXGroup;
			children = (
				9FD813B0A86FFD9BE4F33192 /* Pods_brewdog.framework */,
				C15BAB1661CF5CFA7476F5F3 /* Pods_brewdogTests.framework */,
				86BE6053E2B4196C7E6F8B47 /* Pods_brewdogUITests.framework */,
			);
			name = Frameworks;
			sourceTree = "<group>";
		};
/* End PBXGroup section */

/* Begin PBXNativeTarget section */
		A0DC500D209DC78E00795E33 /* brewdog */ = {
			isa = PBXNativeTarget;
			buildConfigurationList = A0DC5036209DC79000795E33 /* Build configuration list for PBXNativeTarget "brewdog" */;
			buildPhases = (
				B4AF6177F45A8252E31015B3 /* [CP] Check Pods Manifest.lock */,
				A0DC500A209DC78E00795E33 /* Sources */,
				A0DC500B209DC78E00795E33 /* Frameworks */,
				A0DC500C209DC78E00795E33 /* Resources */,
			);
			buildRules = (
			);
			dependencies = (
			);
			name = brewdog;
			productName = brewdog;
			productReference = A0DC500E209DC78E00795E33 /* brewdog.app */;
			productType = "com.apple.product-type.application";
		};
		A0DC5021209DC79000795E33 /* brewdogTests */ = {
			isa = PBXNativeTarget;
			buildConfigurationList = A0DC5039209DC79000795E33 /* Build configuration list for PBXNativeTarget "brewdogTests" */;
			buildPhases = (
				0F90773CF09E035CB51B44B3 /* [CP] Check Pods Manifest.lock */,
				A0DC501E209DC79000795E33 /* Sources */,
				A0DC501F209DC79000795E33 /* Frameworks */,
				A0DC5020209DC79000795E33 /* Resources */,
				32EB84B03172DB887EA2C6FE /* [CP] Embed Pods Frameworks */,
			);
			buildRules = (
			);
			dependencies = (
				A0DC5024209DC79000795E33 /* PBXTargetDependency */,
			);
			name = brewdogTests;
			productName = brewdogTests;
			productReference = A0DC5022209DC79000795E33 /* brewdogTests.xctest */;
			productType = "com.apple.product-type.bundle.unit-test";
		};
		A0DC502C209DC79000795E33 /* brewdogUITests */ = {
			isa = PBXNativeTarget;
			buildConfigurationList = A0DC503C209DC79000795E33 /* Build configuration list for PBXNativeTarget "brewdogUITests" */;
			buildPhases = (
				FE59A2D6B8835A42BC258429 /* [CP] Check Pods Manifest.lock */,
				A0DC5029209DC79000795E33 /* Sources */,
				A0DC502A209DC79000795E33 /* Frameworks */,
				A0DC502B209DC79000795E33 /* Resources */,
			);
			buildRules = (
			);
			dependencies = (
				A0DC502F209DC79000795E33 /* PBXTargetDependency */,
			);
			name = brewdogUITests;
			productName = brewdogUITests;
			productReference = A0DC502D209DC79000795E33 /* brewdogUITests.xctest */;
			productType = "com.apple.product-type.bundle.ui-testing";
		};
/* End PBXNativeTarget section */

/* Begin PBXProject section */
		A0DC5006209DC78E00795E33 /* Project object */ = {
			isa = PBXProject;
			attributes = {
				LastSwiftUpdateCheck = 0930;
				LastUpgradeCheck = 0930;
				ORGANIZATIONNAME = SiriusCode;
				TargetAttributes = {
					A0DC500D209DC78E00795E33 = {
						CreatedOnToolsVersion = 9.3;
					};
					A0DC5021209DC79000795E33 = {
						CreatedOnToolsVersion = 9.3;
						TestTargetID = A0DC500D209DC78E00795E33;
					};
					A0DC502C209DC79000795E33 = {
						CreatedOnToolsVersion = 9.3;
						TestTargetID = A0DC500D209DC78E00795E33;
					};
				};
			};
			buildConfigurationList = A0DC5009209DC78E00795E33 /* Build configuration list for PBXProject "brewdog" */;
			compatibilityVersion = "Xcode 9.3";
			developmentRegion = en;
			hasScannedForEncodings = 0;
			knownRegions = (
				en,
				Base,
			);
			mainGroup = A0DC5005209DC78E00795E33;
			productRefGroup = A0DC500F209DC78E00795E33 /* Products */;
			projectDirPath = "";
			projectRoot = "";
			targets = (
				A0DC500D209DC78E00795E33 /* brewdog */,
				A0DC5021209DC79000795E33 /* brewdogTests */,
				A0DC502C209DC79000795E33 /* brewdogUITests */,
			);
		};
/* End PBXProject section */

/* Begin PBXResourcesBuildPhase section */
		A0DC500C209DC78E00795E33 /* Resources */ = {
			isa = PBXResourcesBuildPhase;
			buildActionMask = 2147483647;
			files = (
				A0DC501C209DC78F00795E33 /* LaunchScreen.storyboard in Resources */,
				A0DC5019209DC78F00795E33 /* Assets.xcassets in Resources */,
				A0DC5017209DC78E00795E33 /* Main.storyboard in Resources */,
			);
			runOnlyForDeploymentPostprocessing = 0;
		};
		A0DC5020209DC79000795E33 /* Resources */ = {
			isa = PBXResourcesBuildPhase;
			buildActionMask = 2147483647;
			files = (
			);
			runOnlyForDeploymentPostprocessing = 0;
		};
		A0DC502B209DC79000795E33 /* Resources */ = {
			isa = PBXResourcesBuildPhase;
			buildActionMask = 2147483647;
			files = (
			);
			runOnlyForDeploymentPostprocessing = 0;
		};
/* End PBXResourcesBuildPhase section */

/* Begin PBXShellScriptBuildPhase section */
		0F90773CF09E035CB51B44B3 /* [CP] Check Pods Manifest.lock */ = {
			isa = PBXShellScriptBuildPhase;
			buildActionMask = 2147483647;
			files = (
			);
			inputPaths = (
				"${PODS_PODFILE_DIR_PATH}/Podfile.lock",
				"${PODS_ROOT}/Manifest.lock",
			);
			name = "[CP] Check Pods Manifest.lock";
			outputPaths = (
				"$(DERIVED_FILE_DIR)/Pods-brewdogTests-checkManifestLockResult.txt",
			);
			runOnlyForDeploymentPostprocessing = 0;
			shellPath = /bin/sh;
			shellScript = "diff \"${PODS_PODFILE_DIR_PATH}/Podfile.lock\" \"${PODS_ROOT}/Manifest.lock\" > /dev/null\nif [ $? != 0 ] ; then\n    # print error to STDERR\n    echo \"error: The sandbox is not in sync with the Podfile.lock. Run 'pod install' or update your CocoaPods installation.\" >&2\n    exit 1\nfi\n# This output is used by Xcode 'outputs' to avoid re-running this script phase.\necho \"SUCCESS\" > \"${SCRIPT_OUTPUT_FILE_0}\"\n";
			showEnvVarsInLog = 0;
		};
		32EB84B03172DB887EA2C6FE /* [CP] Embed Pods Frameworks */ = {
			isa = PBXShellScriptBuildPhase;
			buildActionMask = 2147483647;
			files = (
			);
			inputPaths = (
				"${SRCROOT}/Pods/Target Support Files/Pods-brewdogTests/Pods-brewdogTests-frameworks.sh",
				"${BUILT_PRODUCTS_DIR}/Nimble/Nimble.framework",
				"${BUILT_PRODUCTS_DIR}/Quick/Quick.framework",
			);
			name = "[CP] Embed Pods Frameworks";
			outputPaths = (
				"${TARGET_BUILD_DIR}/${FRAMEWORKS_FOLDER_PATH}/Nimble.framework",
				"${TARGET_BUILD_DIR}/${FRAMEWORKS_FOLDER_PATH}/Quick.framework",
			);
			runOnlyForDeploymentPostprocessing = 0;
			shellPath = /bin/sh;
			shellScript = "\"${SRCROOT}/Pods/Target Support Files/Pods-brewdogTests/Pods-brewdogTests-frameworks.sh\"\n";
			showEnvVarsInLog = 0;
		};
		B4AF6177F45A8252E31015B3 /* [CP] Check Pods Manifest.lock */ = {
			isa = PBXShellScriptBuildPhase;
			buildActionMask = 2147483647;
			files = (
			);
			inputPaths = (
				"${PODS_PODFILE_DIR_PATH}/Podfile.lock",
				"${PODS_ROOT}/Manifest.lock",
			);
			name = "[CP] Check Pods Manifest.lock";
			outputPaths = (
				"$(DERIVED_FILE_DIR)/Pods-brewdog-checkManifestLockResult.txt",
			);
			runOnlyForDeploymentPostprocessing = 0;
			shellPath = /bin/sh;
			shellScript = "diff \"${PODS_PODFILE_DIR_PATH}/Podfile.lock\" \"${PODS_ROOT}/Manifest.lock\" > /dev/null\nif [ $? != 0 ] ; then\n    # print error to STDERR\n    echo \"error: The sandbox is not in sync with the Podfile.lock. Run 'pod install' or update your CocoaPods installation.\" >&2\n    exit 1\nfi\n# This output is used by Xcode 'outputs' to avoid re-running this script phase.\necho \"SUCCESS\" > \"${SCRIPT_OUTPUT_FILE_0}\"\n";
			showEnvVarsInLog = 0;
		};
		FE59A2D6B8835A42BC258429 /* [CP] Check Pods Manifest.lock */ = {
			isa = PBXShellScriptBuildPhase;
			buildActionMask = 2147483647;
			files = (
			);
			inputPaths = (
				"${PODS_PODFILE_DIR_PATH}/Podfile.lock",
				"${PODS_ROOT}/Manifest.lock",
			);
			name = "[CP] Check Pods Manifest.lock";
			outputPaths = (
				"$(DERIVED_FILE_DIR)/Pods-brewdogUITests-checkManifestLockResult.txt",
			);
			runOnlyForDeploymentPostprocessing = 0;
			shellPath = /bin/sh;
			shellScript = "diff \"${PODS_PODFILE_DIR_PATH}/Podfile.lock\" \"${PODS_ROOT}/Manifest.lock\" > /dev/null\nif [ $? != 0 ] ; then\n    # print error to STDERR\n    echo \"error: The sandbox is not in sync with the Podfile.lock. Run 'pod install' or update your CocoaPods installation.\" >&2\n    exit 1\nfi\n# This output is used by Xcode 'outputs' to avoid re-running this script phase.\necho \"SUCCESS\" > \"${SCRIPT_OUTPUT_FILE_0}\"\n";
			showEnvVarsInLog = 0;
		};
/* End PBXShellScriptBuildPhase section */

/* Begin PBXSourcesBuildPhase section */
		A0DC500A209DC78E00795E33 /* Sources */ = {
			isa = PBXSourcesBuildPhase;
			buildActionMask = 2147483647;
			files = (
				A0DC5064209DD66F00795E33 /* Method.swift in Sources */,
				A0DC504B209DD29C00795E33 /* BeerCell.swift in Sources */,
				A0DC5067209DD66F00795E33 /* Fermentation.swift in Sources */,
				A0A4C644209DE8BF00AC877B /* ImageViewExtension.swift in Sources */,
				A0DC5068209DD66F00795E33 /* Boil.swift in Sources */,
				A0A4C64A209DFB9600AC877B /* BeerDetailViewController.swift in Sources */,
				A0A4C657209F11BA00AC877B /* MaltViewController.swift in Sources */,
				A0A4C659209F124B00AC877B /* MethodViewModel.swift in Sources */,
				A0DC5061209DD66F00795E33 /* Hop.swift in Sources */,
				A0A4C65D209F1C8D00AC877B /* MaltViewModel.swift in Sources */,
				A0DC5063209DD66F00795E33 /* Amount.swift in Sources */,
				A0DC5014209DC78E00795E33 /* BrewdogListViewController.swift in Sources */,
				A0DC5062209DD66F00795E33 /* Temp.swift in Sources */,
				A0DC506A209DD66F00795E33 /* Mash.swift in Sources */,
				A0A4C65F209F687900AC877B /* DataViewModel.swift in Sources */,
				A0A4C651209EFA2200AC877B /* DisplayViewController.swift in Sources */,
				A0A4C64E209EF9A800AC877B /* MethodViewController.swift in Sources */,
				A0DC5069209DD66F00795E33 /* Beer.swift in Sources */,
				A0DC5052209DD50F00795E33 /* Network.swift in Sources */,
				A0A4C64C209E025900AC877B /* BeerDetailViewModel.swift in Sources */,
				A0A4C653209F018400AC877B /* HopViewController.swift in Sources */,
				A0DC5012209DC78E00795E33 /* AppDelegate.swift in Sources */,
				A0A4C65C209F1C8D00AC877B /* HopViewModel.swift in Sources */,
				A0DC5065209DD66F00795E33 /* Ingredients.swift in Sources */,
				A0DC5053209DD50F00795E33 /* API.swift in Sources */,
				A0A4C655209F0D4B00AC877B /* DisplayCell.swift in Sources */,
				A0A4C648209DEB8000AC877B /* ImageDownload.swift in Sources */,
				A0DC5055209DD5BE00795E33 /* BrewdogListViewModel.swift in Sources */,
				A0DC506B209DD66F00795E33 /* Volume.swift in Sources */,
				A0A4C662209FA6EA00AC877B /* HopValidator.swift in Sources */,
				A0DC5066209DD66F00795E33 /* Malt.swift in Sources */,
			);
			runOnlyForDeploymentPostprocessing = 0;
		};
		A0DC501E209DC79000795E33 /* Sources */ = {
			isa = PBXSourcesBuildPhase;
			buildActionMask = 2147483647;
			files = (
				A0DC5027209DC79000795E33 /* brewdogTests.swift in Sources */,
			);
			runOnlyForDeploymentPostprocessing = 0;
		};
		A0DC5029209DC79000795E33 /* Sources */ = {
			isa = PBXSourcesBuildPhase;
			buildActionMask = 2147483647;
			files = (
				A0DC5032209DC79000795E33 /* brewdogUITests.swift in Sources */,
			);
			runOnlyForDeploymentPostprocessing = 0;
		};
/* End PBXSourcesBuildPhase section */

/* Begin PBXTargetDependency section */
		A0DC5024209DC79000795E33 /* PBXTargetDependency */ = {
			isa = PBXTargetDependency;
			target = A0DC500D209DC78E00795E33 /* brewdog */;
			targetProxy = A0DC5023209DC79000795E33 /* PBXContainerItemProxy */;
		};
		A0DC502F209DC79000795E33 /* PBXTargetDependency */ = {
			isa = PBXTargetDependency;
			target = A0DC500D209DC78E00795E33 /* brewdog */;
			targetProxy = A0DC502E209DC79000795E33 /* PBXContainerItemProxy */;
		};
/* End PBXTargetDependency section */

/* Begin PBXVariantGroup section */
		A0DC5015209DC78E00795E33 /* Main.storyboard */ = {
			isa = PBXVariantGroup;
			children = (
				A0DC5016209DC78E00795E33 /* Base */,
			);
			name = Main.storyboard;
			sourceTree = "<group>";
		};
		A0DC501A209DC78F00795E33 /* LaunchScreen.storyboard */ = {
			isa = PBXVariantGroup;
			children = (
				A0DC501B209DC78F00795E33 /* Base */,
			);
			name = LaunchScreen.storyboard;
			sourceTree = "<group>";
		};
/* End PBXVariantGroup section */

/* Begin XCBuildConfiguration section */
		A0DC5034209DC79000795E33 /* Debug */ = {
			isa = XCBuildConfiguration;
			buildSettings = {
				ALWAYS_SEARCH_USER_PATHS = NO;
				CLANG_ANALYZER_NONNULL = YES;
				CLANG_ANALYZER_NUMBER_OBJECT_CONVERSION = YES_AGGRESSIVE;
				CLANG_CXX_LANGUAGE_STANDARD = "gnu++14";
				CLANG_CXX_LIBRARY = "libc++";
				CLANG_ENABLE_MODULES = YES;
				CLANG_ENABLE_OBJC_ARC = YES;
				CLANG_ENABLE_OBJC_WEAK = YES;
				CLANG_WARN_BLOCK_CAPTURE_AUTORELEASING = YES;
				CLANG_WARN_BOOL_CONVERSION = YES;
				CLANG_WARN_COMMA = YES;
				CLANG_WARN_CONSTANT_CONVERSION = YES;
				CLANG_WARN_DEPRECATED_OBJC_IMPLEMENTATIONS = YES;
				CLANG_WARN_DIRECT_OBJC_ISA_USAGE = YES_ERROR;
				CLANG_WARN_DOCUMENTATION_COMMENTS = YES;
				CLANG_WARN_EMPTY_BODY = YES;
				CLANG_WARN_ENUM_CONVERSION = YES;
				CLANG_WARN_INFINITE_RECURSION = YES;
				CLANG_WARN_INT_CONVERSION = YES;
				CLANG_WARN_NON_LITERAL_NULL_CONVERSION = YES;
				CLANG_WARN_OBJC_IMPLICIT_RETAIN_SELF = YES;
				CLANG_WARN_OBJC_LITERAL_CONVERSION = YES;
				CLANG_WARN_OBJC_ROOT_CLASS = YES_ERROR;
				CLANG_WARN_RANGE_LOOP_ANALYSIS = YES;
				CLANG_WARN_STRICT_PROTOTYPES = YES;
				CLANG_WARN_SUSPICIOUS_MOVE = YES;
				CLANG_WARN_UNGUARDED_AVAILABILITY = YES_AGGRESSIVE;
				CLANG_WARN_UNREACHABLE_CODE = YES;
				CLANG_WARN__DUPLICATE_METHOD_MATCH = YES;
				CODE_SIGN_IDENTITY = "iPhone Developer";
				COPY_PHASE_STRIP = NO;
				DEBUG_INFORMATION_FORMAT = dwarf;
				ENABLE_STRICT_OBJC_MSGSEND = YES;
				ENABLE_TESTABILITY = YES;
				GCC_C_LANGUAGE_STANDARD = gnu11;
				GCC_DYNAMIC_NO_PIC = NO;
				GCC_NO_COMMON_BLOCKS = YES;
				GCC_OPTIMIZATION_LEVEL = 0;
				GCC_PREPROCESSOR_DEFINITIONS = (
					"DEBUG=1",
					"$(inherited)",
				);
				GCC_WARN_64_TO_32_BIT_CONVERSION = YES;
				GCC_WARN_ABOUT_RETURN_TYPE = YES_ERROR;
				GCC_WARN_UNDECLARED_SELECTOR = YES;
				GCC_WARN_UNINITIALIZED_AUTOS = YES_AGGRESSIVE;
				GCC_WARN_UNUSED_FUNCTION = YES;
				GCC_WARN_UNUSED_VARIABLE = YES;
				IPHONEOS_DEPLOYMENT_TARGET = 11.3;
				MTL_ENABLE_DEBUG_INFO = YES;
				ONLY_ACTIVE_ARCH = YES;
				SDKROOT = iphoneos;
				SWIFT_ACTIVE_COMPILATION_CONDITIONS = DEBUG;
				SWIFT_OPTIMIZATION_LEVEL = "-Onone";
			};
			name = Debug;
		};
		A0DC5035209DC79000795E33 /* Release */ = {
			isa = XCBuildConfiguration;
			buildSettings = {
				ALWAYS_SEARCH_USER_PATHS = NO;
				CLANG_ANALYZER_NONNULL = YES;
				CLANG_ANALYZER_NUMBER_OBJECT_CONVERSION = YES_AGGRESSIVE;
				CLANG_CXX_LANGUAGE_STANDARD = "gnu++14";
				CLANG_CXX_LIBRARY = "libc++";
				CLANG_ENABLE_MODULES = YES;
				CLANG_ENABLE_OBJC_ARC = YES;
				CLANG_ENABLE_OBJC_WEAK = YES;
				CLANG_WARN_BLOCK_CAPTURE_AUTORELEASING = YES;
				CLANG_WARN_BOOL_CONVERSION = YES;
				CLANG_WARN_COMMA = YES;
				CLANG_WARN_CONSTANT_CONVERSION = YES;
				CLANG_WARN_DEPRECATED_OBJC_IMPLEMENTATIONS = YES;
				CLANG_WARN_DIRECT_OBJC_ISA_USAGE = YES_ERROR;
				CLANG_WARN_DOCUMENTATION_COMMENTS = YES;
				CLANG_WARN_EMPTY_BODY = YES;
				CLANG_WARN_ENUM_CONVERSION = YES;
				CLANG_WARN_INFINITE_RECURSION = YES;
				CLANG_WARN_INT_CONVERSION = YES;
				CLANG_WARN_NON_LITERAL_NULL_CONVERSION = YES;
				CLANG_WARN_OBJC_IMPLICIT_RETAIN_SELF = YES;
				CLANG_WARN_OBJC_LITERAL_CONVERSION = YES;
				CLANG_WARN_OBJC_ROOT_CLASS = YES_ERROR;
				CLANG_WARN_RANGE_LOOP_ANALYSIS = YES;
				CLANG_WARN_STRICT_PROTOTYPES = YES;
				CLANG_WARN_SUSPICIOUS_MOVE = YES;
				CLANG_WARN_UNGUARDED_AVAILABILITY = YES_AGGRESSIVE;
				CLANG_WARN_UNREACHABLE_CODE = YES;
				CLANG_WARN__DUPLICATE_METHOD_MATCH = YES;
				CODE_SIGN_IDENTITY = "iPhone Developer";
				COPY_PHASE_STRIP = NO;
				DEBUG_INFORMATION_FORMAT = "dwarf-with-dsym";
				ENABLE_NS_ASSERTIONS = NO;
				ENABLE_STRICT_OBJC_MSGSEND = YES;
				GCC_C_LANGUAGE_STANDARD = gnu11;
				GCC_NO_COMMON_BLOCKS = YES;
				GCC_WARN_64_TO_32_BIT_CONVERSION = YES;
				GCC_WARN_ABOUT_RETURN_TYPE = YES_ERROR;
				GCC_WARN_UNDECLARED_SELECTOR = YES;
				GCC_WARN_UNINITIALIZED_AUTOS = YES_AGGRESSIVE;
				GCC_WARN_UNUSED_FUNCTION = YES;
				GCC_WARN_UNUSED_VARIABLE = YES;
				IPHONEOS_DEPLOYMENT_TARGET = 11.3;
				MTL_ENABLE_DEBUG_INFO = NO;
				SDKROOT = iphoneos;
				SWIFT_COMPILATION_MODE = wholemodule;
				SWIFT_OPTIMIZATION_LEVEL = "-O";
				VALIDATE_PRODUCT = YES;
			};
			name = Release;
		};
		A0DC5037209DC79000795E33 /* Debug */ = {
			isa = XCBuildConfiguration;
			baseConfigurationReference = 8BE149CE393D6562BB2D3708 /* Pods-brewdog.debug.xcconfig */;
			buildSettings = {
				ALWAYS_EMBED_SWIFT_STANDARD_LIBRARIES = "$(inherited)";
				ASSETCATALOG_COMPILER_APPICON_NAME = AppIcon;
				ASSETCATALOG_COMPILER_LAUNCHIMAGE_NAME = LaunchImage;
				CODE_SIGN_STYLE = Automatic;
				CURRENT_PROJECT_VERSION = 1;
				DEVELOPMENT_TEAM = 6CG326ELR9;
				INFOPLIST_FILE = "$(SRCROOT)/brewdog/Resources/Info.plist";
				IPHONEOS_DEPLOYMENT_TARGET = 10.0;
				LD_RUNPATH_SEARCH_PATHS = (
					"$(inherited)",
					"@executable_path/Frameworks",
				);
				OTHER_LDFLAGS = "$(inherited)";
				PRODUCT_BUNDLE_IDENTIFIER = com.siriuscode.brewdog;
				PRODUCT_NAME = "$(TARGET_NAME)";
				SWIFT_VERSION = 4.0;
				TARGETED_DEVICE_FAMILY = "1,2";
				VERSIONING_SYSTEM = "apple-generic";
			};
			name = Debug;
		};
		A0DC5038209DC79000795E33 /* Release */ = {
			isa = XCBuildConfiguration;
			baseConfigurationReference = 42853B62501A85F2BE8953B3 /* Pods-brewdog.release.xcconfig */;
			buildSettings = {
				ALWAYS_EMBED_SWIFT_STANDARD_LIBRARIES = "$(inherited)";
				ASSETCATALOG_COMPILER_APPICON_NAME = AppIcon;
				ASSETCATALOG_COMPILER_LAUNCHIMAGE_NAME = LaunchImage;
				CODE_SIGN_STYLE = Automatic;
				CURRENT_PROJECT_VERSION = 1;
				DEVELOPMENT_TEAM = 6CG326ELR9;
				INFOPLIST_FILE = "$(SRCROOT)/brewdog/Resources/Info.plist";
				IPHONEOS_DEPLOYMENT_TARGET = 10.0;
				LD_RUNPATH_SEARCH_PATHS = (
					"$(inherited)",
					"@executable_path/Frameworks",
				);
				OTHER_LDFLAGS = "$(inherited)";
				PRODUCT_BUNDLE_IDENTIFIER = com.siriuscode.brewdog;
				PRODUCT_NAME = "$(TARGET_NAME)";
				SWIFT_VERSION = 4.0;
				TARGETED_DEVICE_FAMILY = "1,2";
				VERSIONING_SYSTEM = "apple-generic";
			};
			name = Release;
		};
		A0DC503A209DC79000795E33 /* Debug */ = {
			isa = XCBuildConfiguration;
			baseConfigurationReference = 229C8E83B73ABA3DA1ADF429 /* Pods-brewdogTests.debug.xcconfig */;
			buildSettings = {
				ALWAYS_EMBED_SWIFT_STANDARD_LIBRARIES = "$(inherited)";
				BUNDLE_LOADER = "$(TEST_HOST)";
				CODE_SIGN_STYLE = Automatic;
				DEVELOPMENT_TEAM = 6CG326ELR9;
				INFOPLIST_FILE = brewdogTests/Info.plist;
				LD_RUNPATH_SEARCH_PATHS = (
					"$(inherited)",
					"@executable_path/Frameworks",
					"@loader_path/Frameworks",
				);
				PRODUCT_BUNDLE_IDENTIFIER = com.siriuscode.brewdogTests;
				PRODUCT_NAME = "$(TARGET_NAME)";
				SWIFT_VERSION = 4.0;
				TARGETED_DEVICE_FAMILY = "1,2";
				TEST_HOST = "$(BUILT_PRODUCTS_DIR)/brewdog.app/brewdog";
			};
			name = Debug;
		};
		A0DC503B209DC79000795E33 /* Release */ = {
			isa = XCBuildConfiguration;
			baseConfigurationReference = CB9CD0AE1CA72B0ACE5CB5F1 /* Pods-brewdogTests.release.xcconfig */;
			buildSettings = {
				ALWAYS_EMBED_SWIFT_STANDARD_LIBRARIES = "$(inherited)";
				BUNDLE_LOADER = "$(TEST_HOST)";
				CODE_SIGN_STYLE = Automatic;
				DEVELOPMENT_TEAM = 6CG326ELR9;
				INFOPLIST_FILE = brewdogTests/Info.plist;
				LD_RUNPATH_SEARCH_PATHS = (
					"$(inherited)",
					"@executable_path/Frameworks",
					"@loader_path/Frameworks",
				);
				PRODUCT_BUNDLE_IDENTIFIER = com.siriuscode.brewdogTests;
				PRODUCT_NAME = "$(TARGET_NAME)";
				SWIFT_VERSION = 4.0;
				TARGETED_DEVICE_FAMILY = "1,2";
				TEST_HOST = "$(BUILT_PRODUCTS_DIR)/brewdog.app/brewdog";
			};
			name = Release;
		};
		A0DC503D209DC79000795E33 /* Debug */ = {
			isa = XCBuildConfiguration;
			baseConfigurationReference = DF304DEE47C4A992303DC86F /* Pods-brewdogUITests.debug.xcconfig */;
			buildSettings = {
				ALWAYS_EMBED_SWIFT_STANDARD_LIBRARIES = "$(inherited)";
				CODE_SIGN_STYLE = Automatic;
				DEVELOPMENT_TEAM = 6CG326ELR9;
				INFOPLIST_FILE = brewdogUITests/Info.plist;
				LD_RUNPATH_SEARCH_PATHS = (
					"$(inherited)",
					"@executable_path/Frameworks",
					"@loader_path/Frameworks",
				);
				PRODUCT_BUNDLE_IDENTIFIER = com.siriuscode.brewdogUITests;
				PRODUCT_NAME = "$(TARGET_NAME)";
				SWIFT_VERSION = 4.0;
				TARGETED_DEVICE_FAMILY = "1,2";
				TEST_TARGET_NAME = brewdog;
			};
			name = Debug;
		};
		A0DC503E209DC79000795E33 /* Release */ = {
			isa = XCBuildConfiguration;
			baseConfigurationReference = 49987400E632D3C03A516C46 /* Pods-brewdogUITests.release.xcconfig */;
			buildSettings = {
				ALWAYS_EMBED_SWIFT_STANDARD_LIBRARIES = "$(inherited)";
				CODE_SIGN_STYLE = Automatic;
				DEVELOPMENT_TEAM = 6CG326ELR9;
				INFOPLIST_FILE = brewdogUITests/Info.plist;
				LD_RUNPATH_SEARCH_PATHS = (
					"$(inherited)",
					"@executable_path/Frameworks",
					"@loader_path/Frameworks",
				);
				PRODUCT_BUNDLE_IDENTIFIER = com.siriuscode.brewdogUITests;
				PRODUCT_NAME = "$(TARGET_NAME)";
				SWIFT_VERSION = 4.0;
				TARGETED_DEVICE_FAMILY = "1,2";
				TEST_TARGET_NAME = brewdog;
			};
			name = Release;
		};
/* End XCBuildConfiguration section */

/* Begin XCConfigurationList section */
		A0DC5009209DC78E00795E33 /* Build configuration list for PBXProject "brewdog" */ = {
			isa = XCConfigurationList;
			buildConfigurations = (
				A0DC5034209DC79000795E33 /* Debug */,
				A0DC5035209DC79000795E33 /* Release */,
			);
			defaultConfigurationIsVisible = 0;
			defaultConfigurationName = Release;
		};
		A0DC5036209DC79000795E33 /* Build configuration list for PBXNativeTarget "brewdog" */ = {
			isa = XCConfigurationList;
			buildConfigurations = (
				A0DC5037209DC79000795E33 /* Debug */,
				A0DC5038209DC79000795E33 /* Release */,
			);
			defaultConfigurationIsVisible = 0;
			defaultConfigurationName = Release;
		};
		A0DC5039209DC79000795E33 /* Build configuration list for PBXNativeTarget "brewdogTests" */ = {
			isa = XCConfigurationList;
			buildConfigurations = (
				A0DC503A209DC79000795E33 /* Debug */,
				A0DC503B209DC79000795E33 /* Release */,
			);
			defaultConfigurationIsVisible = 0;
			defaultConfigurationName = Release;
		};
		A0DC503C209DC79000795E33 /* Build configuration list for PBXNativeTarget "brewdogUITests" */ = {
			isa = XCConfigurationList;
			buildConfigurations = (
				A0DC503D209DC79000795E33 /* Debug */,
				A0DC503E209DC79000795E33 /* Release */,
			);
			defaultConfigurationIsVisible = 0;
			defaultConfigurationName = Release;
		};
/* End XCConfigurationList section */
	};
	rootObject = A0DC5006209DC78E00795E33 /* Project object */;
}
